
Microsoft Visual Studio Solution File, Format Version 12.00
# Visual Studio Version 16
VisualStudioVersion = 16.0.31515.178
MinimumVisualStudioVersion = 10.0.40219.1
Project("{FAE04EC0-301F-11D3-BF4B-00C04F79EFBC}") = "Proje4WebService", "Proje4WebService\Proje4WebService.csproj", "{3FA88C24-3567-4DA5-A406-051ECAB7C1C4}"
EndProject
Project("{FAE04EC0-301F-11D3-BF4B-00C04F79EFBC}") = "PersonelManagerLibrary", "..\..\Proje2\WindowsFormsApplication1\PersonelManagerLibrary\PersonelManagerLibrary.csproj", "{455A185B-FF2C-4A25-80D5-E771A34B0D09}"
EndProject
Project("{FAE04EC0-301F-11D3-BF4B-00C04F79EFBC}") = "AuthenticationManagerLibrary", "AuthenticationManagerLibrary\AuthenticationManagerLibrary.csproj", "{A975ED8A-66DC-43BC-ABD4-B743F588C5E8}"
EndProject
Global
	GlobalSection(SolutionConfigurationPlatforms) = preSolution
		Debug|Any CPU = Debug|Any CPU
		Release|Any CPU = Release|Any CPU
	EndGlobalSection
	GlobalSection(ProjectConfigurationPlatforms) = postSolution
		{3FA88C24-3567-4DA5-A406-051ECAB7C1C4}.Debug|Any CPU.ActiveCfg = Debug|Any CPU
		{3FA88C24-3567-4DA5-A406-051ECAB7C1C4}.Debug|Any CPU.Build.0 = Debug|Any CPU
		{3FA88C24-3567-4DA5-A406-051ECAB7C1C4}.Release|Any CPU.ActiveCfg = Release|Any CPU
		{3FA88C24-3567-4DA5-A406-051ECAB7C1C4}.Release|Any CPU.Build.0 = Release|Any CPU
		{455A185B-FF2C-4A25-80D5-E771A34B0D09}.Debug|Any CPU.ActiveCfg = Debug|Any CPU
		{455A185B-FF2C-4A25-80D5-E771A34B0D09}.Debug|Any CPU.Build.0 = Debug|Any CPU
		{455A185B-FF2C-4A25-80D5-E771A34B0D09}.Release|Any CPU.ActiveCfg = Release|Any CPU
		{455A185B-FF2C-4A25-80D5-E771A34B0D09}.Release|Any CPU.Build.0 = Release|Any CPU
		{A975ED8A-66DC-43BC-ABD4-B743F588C5E8}.Debug|Any CPU.ActiveCfg = Debug|Any CPU
		{A975ED8A-66DC-43BC-ABD4-B743F588C5E8}.Debug|Any CPU.Build.0 = Debug|Any CPU
		{A975ED8A-66DC-43BC-ABD4-B743F588C5E8}.Release|Any CPU.ActiveCfg = Release|Any CPU
		{A975ED8A-66DC-43BC-ABD4-B743F588C5E8}.Release|Any CPU.Build.0 = Release|Any CPU
	EndGlobalSection
	GlobalSection(SolutionProperties) = preSolution
		HideSolutionNode = FALSE
	EndGlobalSection
	GlobalSection(ExtensibilityGlobals) = postSolution
		SolutionGuid = {37A49D63-5836-4A5C-9CFB-F772D71FBD7B}
	EndGlobalSection
EndGlobal
